
Microsoft Visual Studio Solution File, Format Version 12.00
# Visual Studio Version 17
VisualStudioVersion = 17.0.31903.59
MinimumVisualStudioVersion = 10.0.40219.1
Project("{2150E333-8FDC-42A3-9474-1A3956D46DE8}") = "src", "src", "{827E0CD3-B72D-47B6-A68D-7590B98EB39B}"
EndProject
Project("{FAE04EC0-301F-11D3-BF4B-00C04F79EFBC}") = "Screen2VMS.App", "src\Screen2VMS.App\Screen2VMS.App.csproj", "{A2111F75-E339-4CEB-A308-AF6F2D03A24F}"
EndProject
Project("{FAE04EC0-301F-11D3-BF4B-00C04F79EFBC}") = "Screen2VMS.Core", "src\Screen2VMS.Core\Screen2VMS.Core.csproj", "{4268CAB5-4EB5-48DE-9CEF-B86ACD0E4176}"
EndProject
Project("{FAE04EC0-301F-11D3-BF4B-00C04F79EFBC}") = "Screen2VMS.Camera", "src\Screen2VMS.Camera\Screen2VMS.Camera.csproj", "{3EF15A95-22D5-44B3-952B-A2B02FD4DACB}"
EndProject
Project("{FAE04EC0-301F-11D3-BF4B-00C04F79EFBC}") = "Screen2VMS.Configuration", "src\Screen2VMS.Configuration\Screen2VMS.Configuration.csproj", "{829A6033-85D5-4739-BDA3-83A4C16150B9}"
EndProject
Project("{FAE04EC0-301F-11D3-BF4B-00C04F79EFBC}") = "Screen2VMS.Logging", "src\Screen2VMS.Logging\Screen2VMS.Logging.csproj", "{17BE321C-B785-4D4E-AB57-C10993A378D7}"
EndProject
Project("{FAE04EC0-301F-11D3-BF4B-00C04F79EFBC}") = "Screen2VMS.Discovery", "src\Screen2VMS.Discovery\Screen2VMS.Discovery.csproj", "{4FDF4AC3-FB91-4298-98E1-8604CF67C185}"
EndProject
Project("{FAE04EC0-301F-11D3-BF4B-00C04F79EFBC}") = "Screen2VMS.Encoding", "src\Screen2VMS.Encoding\Screen2VMS.Encoding.csproj", "{0684BD16-F7BB-4343-AF41-2A839F851633}"
EndProject
Project("{FAE04EC0-301F-11D3-BF4B-00C04F79EFBC}") = "Screen2VMS.Onvif", "src\Screen2VMS.Onvif\Screen2VMS.Onvif.csproj", "{4127EA43-6CA1-41FF-9066-DCF3C73C00CE}"
EndProject
Project("{FAE04EC0-301F-11D3-BF4B-00C04F79EFBC}") = "Screen2VMS.Rtsp", "src\Screen2VMS.Rtsp\Screen2VMS.Rtsp.csproj", "{D1DD2820-3DF0-4FFA-AFFD-FB1A0A5205A3}"
EndProject
Project("{2150E333-8FDC-42A3-9474-1A3956D46DE8}") = "tests", "tests", "{0AB3BF05-4346-4AA6-1389-037BE0695223}"
EndProject
Project("{FAE04EC0-301F-11D3-BF4B-00C04F79EFBC}") = "Screen2VMS.Tests", "tests\Screen2VMS.Tests\Screen2VMS.Tests.csproj", "{35B2B510-E84F-4551-83B8-C17E5418AFC1}"
EndProject
Project("{FAE04EC0-301F-11D3-BF4B-00C04F79EFBC}") = "Screen2VMS.MediaFoundation", "src\Screen2VMS.MediaFoundation\Screen2VMS.MediaFoundation.csproj", "{85A13570-DF38-4008-BB8F-6F61EA7E9681}"
EndProject
Project("{FAE04EC0-301F-11D3-BF4B-00C04F79EFBC}") = "Screen2VMS.Engine", "src\Screen2VMS.Engine\Screen2VMS.Engine.csproj", "{1F0D2E37-43C7-4FEF-B0C4-E6B8D458E50E}"
EndProject
Global
	GlobalSection(SolutionConfigurationPlatforms) = preSolution
		Debug|Any CPU = Debug|Any CPU
		Debug|x64 = Debug|x64
		Debug|x86 = Debug|x86
		Release|Any CPU = Release|Any CPU
		Release|x64 = Release|x64
		Release|x86 = Release|x86
	EndGlobalSection
	GlobalSection(ProjectConfigurationPlatforms) = postSolution
		{A2111F75-E339-4CEB-A308-AF6F2D03A24F}.Debug|Any CPU.ActiveCfg = Debug|Any CPU
		{A2111F75-E339-4CEB-A308-AF6F2D03A24F}.Debug|Any CPU.Build.0 = Debug|Any CPU
		{A2111F75-E339-4CEB-A308-AF6F2D03A24F}.Debug|x64.ActiveCfg = Debug|Any CPU
		{A2111F75-E339-4CEB-A308-AF6F2D03A24F}.Debug|x64.Build.0 = Debug|Any CPU
		{A2111F75-E339-4CEB-A308-AF6F2D03A24F}.Debug|x86.ActiveCfg = Debug|Any CPU
		{A2111F75-E339-4CEB-A308-AF6F2D03A24F}.Debug|x86.Build.0 = Debug|Any CPU
		{A2111F75-E339-4CEB-A308-AF6F2D03A24F}.Release|Any CPU.ActiveCfg = Release|Any CPU
		{A2111F75-E339-4CEB-A308-AF6F2D03A24F}.Release|Any CPU.Build.0 = Release|Any CPU
		{A2111F75-E339-4CEB-A308-AF6F2D03A24F}.Release|x64.ActiveCfg = Release|Any CPU
		{A2111F75-E339-4CEB-A308-AF6F2D03A24F}.Release|x64.Build.0 = Release|Any CPU
		{A2111F75-E339-4CEB-A308-AF6F2D03A24F}.Release|x86.ActiveCfg = Release|Any CPU
		{A2111F75-E339-4CEB-A308-AF6F2D03A24F}.Release|x86.Build.0 = Release|Any CPU
		{4268CAB5-4EB5-48DE-9CEF-B86ACD0E4176}.Debug|Any CPU.ActiveCfg = Debug|Any CPU
		{4268CAB5-4EB5-48DE-9CEF-B86ACD0E4176}.Debug|Any CPU.Build.0 = Debug|Any CPU
		{4268CAB5-4EB5-48DE-9CEF-B86ACD0E4176}.Debug|x64.ActiveCfg = Debug|Any CPU
		{4268CAB5-4EB5-48DE-9CEF-B86ACD0E4176}.Debug|x64.Build.0 = Debug|Any CPU
		{4268CAB5-4EB5-48DE-9CEF-B86ACD0E4176}.Debug|x86.ActiveCfg = Debug|Any CPU
		{4268CAB5-4EB5-48DE-9CEF-B86ACD0E4176}.Debug|x86.Build.0 = Debug|Any CPU
		{4268CAB5-4EB5-48DE-9CEF-B86ACD0E4176}.Release|Any CPU.ActiveCfg = Release|Any CPU
		{4268CAB5-4EB5-48DE-9CEF-B86ACD0E4176}.Release|Any CPU.Build.0 = Release|Any CPU
		{4268CAB5-4EB5-48DE-9CEF-B86ACD0E4176}.Release|x64.ActiveCfg = Release|Any CPU
		{4268CAB5-4EB5-48DE-9CEF-B86ACD0E4176}.Release|x64.Build.0 = Release|Any CPU
		{4268CAB5-4EB5-48DE-9CEF-B86ACD0E4176}.Release|x86.ActiveCfg = Release|Any CPU
		{4268CAB5-4EB5-48DE-9CEF-B86ACD0E4176}.Release|x86.Build.0 = Release|Any CPU
		{3EF15A95-22D5-44B3-952B-A2B02FD4DACB}.Debug|Any CPU.ActiveCfg = Debug|Any CPU
		{3EF15A95-22D5-44B3-952B-A2B02FD4DACB}.Debug|Any CPU.Build.0 = Debug|Any CPU
		{3EF15A95-22D5-44B3-952B-A2B02FD4DACB}.Debug|x64.ActiveCfg = Debug|Any CPU
		{3EF15A95-22D5-44B3-952B-A2B02FD4DACB}.Debug|x64.Build.0 = Debug|Any CPU
		{3EF15A95-22D5-44B3-952B-A2B02FD4DACB}.Debug|x86.ActiveCfg = Debug|Any CPU
		{3EF15A95-22D5-44B3-952B-A2B02FD4DACB}.Debug|x86.Build.0 = Debug|Any CPU
		{3EF15A95-22D5-44B3-952B-A2B02FD4DACB}.Release|Any CPU.ActiveCfg = Release|Any CPU
		{3EF15A95-22D5-44B3-952B-A2B02FD4DACB}.Release|Any CPU.Build.0 = Release|Any CPU
		{3EF15A95-22D5-44B3-952B-A2B02FD4DACB}.Release|x64.ActiveCfg = Release|Any CPU
		{3EF15A95-22D5-44B3-952B-A2B02FD4DACB}.Release|x64.Build.0 = Release|Any CPU
		{3EF15A95-22D5-44B3-952B-A2B02FD4DACB}.Release|x86.ActiveCfg = Release|Any CPU
		{3EF15A95-22D5-44B3-952B-A2B02FD4DACB}.Release|x86.Build.0 = Release|Any CPU
		{829A6033-85D5-4739-BDA3-83A4C16150B9}.Debug|Any CPU.ActiveCfg = Debug|Any CPU
		{829A6033-85D5-4739-BDA3-83A4C16150B9}.Debug|Any CPU.Build.0 = Debug|Any CPU
		{829A6033-85D5-4739-BDA3-83A4C16150B9}.Debug|x64.ActiveCfg = Debug|Any CPU
		{829A6033-85D5-4739-BDA3-83A4C16150B9}.Debug|x64.Build.0 = Debug|Any CPU
		{829A6033-85D5-4739-BDA3-83A4C16150B9}.Debug|x86.ActiveCfg = Debug|Any CPU
		{829A6033-85D5-4739-BDA3-83A4C16150B9}.Debug|x86.Build.0 = Debug|Any CPU
		{829A6033-85D5-4739-BDA3-83A4C16150B9}.Release|Any CPU.ActiveCfg = Release|Any CPU
		{829A6033-85D5-4739-BDA3-83A4C16150B9}.Release|Any CPU.Build.0 = Release|Any CPU
		{829A6033-85D5-4739-BDA3-83A4C16150B9}.Release|x64.ActiveCfg = Release|Any CPU
		{829A6033-85D5-4739-BDA3-83A4C16150B9}.Release|x64.Build.0 = Release|Any CPU
		{829A6033-85D5-4739-BDA3-83A4C16150B9}.Release|x86.ActiveCfg = Release|Any CPU
		{829A6033-85D5-4739-BDA3-83A4C16150B9}.Release|x86.Build.0 = Release|Any CPU
		{17BE321C-B785-4D4E-AB57-C10993A378D7}.Debug|Any CPU.ActiveCfg = Debug|Any CPU
		{17BE321C-B785-4D4E-AB57-C10993A378D7}.Debug|Any CPU.Build.0 = Debug|Any CPU
		{17BE321C-B785-4D4E-AB57-C10993A378D7}.Debug|x64.ActiveCfg = Debug|Any CPU
		{17BE321C-B785-4D4E-AB57-C10993A378D7}.Debug|x64.Build.0 = Debug|Any CPU
		{17BE321C-B785-4D4E-AB57-C10993A378D7}.Debug|x86.ActiveCfg = Debug|Any CPU
		{17BE321C-B785-4D4E-AB57-C10993A378D7}.Debug|x86.Build.0 = Debug|Any CPU
		{17BE321C-B785-4D4E-AB57-C10993A378D7}.Release|Any CPU.ActiveCfg = Release|Any CPU
		{17BE321C-B785-4D4E-AB57-C10993A378D7}.Release|Any CPU.Build.0 = Release|Any CPU
		{17BE321C-B785-4D4E-AB57-C10993A378D7}.Release|x64.ActiveCfg = Release|Any CPU
		{17BE321C-B785-4D4E-AB57-C10993A378D7}.Release|x64.Build.0 = Release|Any CPU
		{17BE321C-B785-4D4E-AB57-C10993A378D7}.Release|x86.ActiveCfg = Release|Any CPU
		{17BE321C-B785-4D4E-AB57-C10993A378D7}.Release|x86.Build.0 = Release|Any CPU
		{4FDF4AC3-FB91-4298-98E1-8604CF67C185}.Debug|Any CPU.ActiveCfg = Debug|Any CPU
		{4FDF4AC3-FB91-4298-98E1-8604CF67C185}.Debug|Any CPU.Build.0 = Debug|Any CPU
		{4FDF4AC3-FB91-4298-98E1-8604CF67C185}.Debug|x64.ActiveCfg = Debug|Any CPU
		{4FDF4AC3-FB91-4298-98E1-8604CF67C185}.Debug|x64.Build.0 = Debug|Any CPU
		{4FDF4AC3-FB91-4298-98E1-8604CF67C185}.Debug|x86.ActiveCfg = Debug|Any CPU
		{4FDF4AC3-FB91-4298-98E1-8604CF67C185}.Debug|x86.Build.0 = Debug|Any CPU
		{4FDF4AC3-FB91-4298-98E1-8604CF67C185}.Release|Any CPU.ActiveCfg = Release|Any CPU
		{4FDF4AC3-FB91-4298-98E1-8604CF67C185}.Release|Any CPU.Build.0 = Release|Any CPU
		{4FDF4AC3-FB91-4298-98E1-8604CF67C185}.Release|x64.ActiveCfg = Release|Any CPU
		{4FDF4AC3-FB91-4298-98E1-8604CF67C185}.Release|x64.Build.0 = Release|Any CPU
		{4FDF4AC3-FB91-4298-98E1-8604CF67C185}.Release|x86.ActiveCfg = Release|Any CPU
		{4FDF4AC3-FB91-4298-98E1-8604CF67C185}.Release|x86.Build.0 = Release|Any CPU
		{0684BD16-F7BB-4343-AF41-2A839F851633}.Debug|Any CPU.ActiveCfg = Debug|Any CPU
		{0684BD16-F7BB-4343-AF41-2A839F851633}.Debug|Any CPU.Build.0 = Debug|Any CPU
		{0684BD16-F7BB-4343-AF41-2A839F851633}.Debug|x64.ActiveCfg = Debug|Any CPU
		{0684BD16-F7BB-4343-AF41-2A839F851633}.Debug|x64.Build.0 = Debug|Any CPU
		{0684BD16-F7BB-4343-AF41-2A839F851633}.Debug|x86.ActiveCfg = Debug|Any CPU
		{0684BD16-F7BB-4343-AF41-2A839F851633}.Debug|x86.Build.0 = Debug|Any CPU
		{0684BD16-F7BB-4343-AF41-2A839F851633}.Release|Any CPU.ActiveCfg = Release|Any CPU
		{0684BD16-F7BB-4343-AF41-2A839F851633}.Release|Any CPU.Build.0 = Release|Any CPU
		{0684BD16-F7BB-4343-AF41-2A839F851633}.Release|x64.ActiveCfg = Release|Any CPU
		{0684BD16-F7BB-4343-AF41-2A839F851633}.Release|x64.Build.0 = Release|Any CPU
		{0684BD16-F7BB-4343-AF41-2A839F851633}.Release|x86.ActiveCfg = Release|Any CPU
		{0684BD16-F7BB-4343-AF41-2A839F851633}.Release|x86.Build.0 = Release|Any CPU
		{4127EA43-6CA1-41FF-9066-DCF3C73C00CE}.Debug|Any CPU.ActiveCfg = Debug|Any CPU
		{4127EA43-6CA1-41FF-9066-DCF3C73C00CE}.Debug|Any CPU.Build.0 = Debug|Any CPU
		{4127EA43-6CA1-41FF-9066-DCF3C73C00CE}.Debug|x64.ActiveCfg = Debug|Any CPU
		{4127EA43-6CA1-41FF-9066-DCF3C73C00CE}.Debug|x64.Build.0 = Debug|Any CPU
		{4127EA43-6CA1-41FF-9066-DCF3C73C00CE}.Debug|x86.ActiveCfg = Debug|Any CPU
		{4127EA43-6CA1-41FF-9066-DCF3C73C00CE}.Debug|x86.Build.0 = Debug|Any CPU
		{4127EA43-6CA1-41FF-9066-DCF3C73C00CE}.Release|Any CPU.ActiveCfg = Release|Any CPU
		{4127EA43-6CA1-41FF-9066-DCF3C73C00CE}.Release|Any CPU.Build.0 = Release|Any CPU
		{4127EA43-6CA1-41FF-9066-DCF3C73C00CE}.Release|x64.ActiveCfg = Release|Any CPU
		{4127EA43-6CA1-41FF-9066-DCF3C73C00CE}.Release|x64.Build.0 = Release|Any CPU
		{4127EA43-6CA1-41FF-9066-DCF3C73C00CE}.Release|x86.ActiveCfg = Release|Any CPU
		{4127EA43-6CA1-41FF-9066-DCF3C73C00CE}.Release|x86.Build.0 = Release|Any CPU
		{D1DD2820-3DF0-4FFA-AFFD-FB1A0A5205A3}.Debug|Any CPU.ActiveCfg = Debug|Any CPU
		{D1DD2820-3DF0-4FFA-AFFD-FB1A0A5205A3}.Debug|Any CPU.Build.0 = Debug|Any CPU
		{D1DD2820-3DF0-4FFA-AFFD-FB1A0A5205A3}.Debug|x64.ActiveCfg = Debug|Any CPU
		{D1DD2820-3DF0-4FFA-AFFD-FB1A0A5205A3}.Debug|x64.Build.0 = Debug|Any CPU
		{D1DD2820-3DF0-4FFA-AFFD-FB1A0A5205A3}.Debug|x86.ActiveCfg = Debug|Any CPU
		{D1DD2820-3DF0-4FFA-AFFD-FB1A0A5205A3}.Debug|x86.Build.0 = Debug|Any CPU
		{D1DD2820-3DF0-4FFA-AFFD-FB1A0A5205A3}.Release|Any CPU.ActiveCfg = Release|Any CPU
		{D1DD2820-3DF0-4FFA-AFFD-FB1A0A5205A3}.Release|Any CPU.Build.0 = Release|Any CPU
		{D1DD2820-3DF0-4FFA-AFFD-FB1A0A5205A3}.Release|x64.ActiveCfg = Release|Any CPU
		{D1DD2820-3DF0-4FFA-AFFD-FB1A0A5205A3}.Release|x64.Build.0 = Release|Any CPU
		{D1DD2820-3DF0-4FFA-AFFD-FB1A0A5205A3}.Release|x86.ActiveCfg = Release|Any CPU
		{D1DD2820-3DF0-4FFA-AFFD-FB1A0A5205A3}.Release|x86.Build.0 = Release|Any CPU
		{35B2B510-E84F-4551-83B8-C17E5418AFC1}.Debug|Any CPU.ActiveCfg = Debug|Any CPU
		{35B2B510-E84F-4551-83B8-C17E5418AFC1}.Debug|Any CPU.Build.0 = Debug|Any CPU
		{35B2B510-E84F-4551-83B8-C17E5418AFC1}.Debug|x64.ActiveCfg = Debug|Any CPU
		{35B2B510-E84F-4551-83B8-C17E5418AFC1}.Debug|x64.Build.0 = Debug|Any CPU
		{35B2B510-E84F-4551-83B8-C17E5418AFC1}.Debug|x86.ActiveCfg = Debug|Any CPU
		{35B2B510-E84F-4551-83B8-C17E5418AFC1}.Debug|x86.Build.0 = Debug|Any CPU
		{35B2B510-E84F-4551-83B8-C17E5418AFC1}.Release|Any CPU.ActiveCfg = Release|Any CPU
		{35B2B510-E84F-4551-83B8-C17E5418AFC1}.Release|Any CPU.Build.0 = Release|Any CPU
		{35B2B510-E84F-4551-83B8-C17E5418AFC1}.Release|x64.ActiveCfg = Release|Any CPU
		{35B2B510-E84F-4551-83B8-C17E5418AFC1}.Release|x64.Build.0 = Release|Any CPU
		{35B2B510-E84F-4551-83B8-C17E5418AFC1}.Release|x86.ActiveCfg = Release|Any CPU
		{35B2B510-E84F-4551-83B8-C17E5418AFC1}.Release|x86.Build.0 = Release|Any CPU
		{85A13570-DF38-4008-BB8F-6F61EA7E9681}.Debug|Any CPU.ActiveCfg = Debug|Any CPU
		{85A13570-DF38-4008-BB8F-6F61EA7E9681}.Debug|Any CPU.Build.0 = Debug|Any CPU
		{85A13570-DF38-4008-BB8F-6F61EA7E9681}.Debug|x64.ActiveCfg = Debug|Any CPU
		{85A13570-DF38-4008-BB8F-6F61EA7E9681}.Debug|x64.Build.0 = Debug|Any CPU
		{85A13570-DF38-4008-BB8F-6F61EA7E9681}.Debug|x86.ActiveCfg = Debug|Any CPU
		{85A13570-DF38-4008-BB8F-6F61EA7E9681}.Debug|x86.Build.0 = Debug|Any CPU
		{85A13570-DF38-4008-BB8F-6F61EA7E9681}.Release|Any CPU.ActiveCfg = Release|Any CPU
		{85A13570-DF38-4008-BB8F-6F61EA7E9681}.Release|Any CPU.Build.0 = Release|Any CPU
		{85A13570-DF38-4008-BB8F-6F61EA7E9681}.Release|x64.ActiveCfg = Release|Any CPU
		{85A13570-DF38-4008-BB8F-6F61EA7E9681}.Release|x64.Build.0 = Release|Any CPU
		{85A13570-DF38-4008-BB8F-6F61EA7E9681}.Release|x86.ActiveCfg = Release|Any CPU
		{85A13570-DF38-4008-BB8F-6F61EA7E9681}.Release|x86.Build.0 = Release|Any CPU
		{1F0D2E37-43C7-4FEF-B0C4-E6B8D458E50E}.Debug|Any CPU.ActiveCfg = Debug|Any CPU
		{1F0D2E37-43C7-4FEF-B0C4-E6B8D458E50E}.Debug|Any CPU.Build.0 = Debug|Any CPU
		{1F0D2E37-43C7-4FEF-B0C4-E6B8D458E50E}.Debug|x64.ActiveCfg = Debug|Any CPU
		{1F0D2E37-43C7-4FEF-B0C4-E6B8D458E50E}.Debug|x64.Build.0 = Debug|Any CPU
		{1F0D2E37-43C7-4FEF-B0C4-E6B8D458E50E}.Debug|x86.ActiveCfg = Debug|Any CPU
		{1F0D2E37-43C7-4FEF-B0C4-E6B8D458E50E}.Debug|x86.Build.0 = Debug|Any CPU
		{1F0D2E37-43C7-4FEF-B0C4-E6B8D458E50E}.Release|Any CPU.ActiveCfg = Release|Any CPU
		{1F0D2E37-43C7-4FEF-B0C4-E6B8D458E50E}.Release|Any CPU.Build.0 = Release|Any CPU
		{1F0D2E37-43C7-4FEF-B0C4-E6B8D458E50E}.Release|x64.ActiveCfg = Release|Any CPU
		{1F0D2E37-43C7-4FEF-B0C4-E6B8D458E50E}.Release|x64.Build.0 = Release|Any CPU
		{1F0D2E37-43C7-4FEF-B0C4-E6B8D458E50E}.Release|x86.ActiveCfg = Release|Any CPU
		{1F0D2E37-43C7-4FEF-B0C4-E6B8D458E50E}.Release|x86.Build.0 = Release|Any CPU
	EndGlobalSection
	GlobalSection(SolutionProperties) = preSolution
		HideSolutionNode = FALSE
	EndGlobalSection
	GlobalSection(NestedProjects) = preSolution
		{A2111F75-E339-4CEB-A308-AF6F2D03A24F} = {827E0CD3-B72D-47B6-A68D-7590B98EB39B}
		{4268CAB5-4EB5-48DE-9CEF-B86ACD0E4176} = {827E0CD3-B72D-47B6-A68D-7590B98EB39B}
		{3EF15A95-22D5-44B3-952B-A2B02FD4DACB} = {827E0CD3-B72D-47B6-A68D-7590B98EB39B}
		{829A6033-85D5-4739-BDA3-83A4C16150B9} = {827E0CD3-B72D-47B6-A68D-7590B98EB39B}
		{17BE321C-B785-4D4E-AB57-C10993A378D7} = {827E0CD3-B72D-47B6-A68D-7590B98EB39B}
		{4FDF4AC3-FB91-4298-98E1-8604CF67C185} = {827E0CD3-B72D-47B6-A68D-7590B98EB39B}
		{0684BD16-F7BB-4343-AF41-2A839F851633} = {827E0CD3-B72D-47B6-A68D-7590B98EB39B}
		{4127EA43-6CA1-41FF-9066-DCF3C73C00CE} = {827E0CD3-B72D-47B6-A68D-7590B98EB39B}
		{D1DD2820-3DF0-4FFA-AFFD-FB1A0A5205A3} = {827E0CD3-B72D-47B6-A68D-7590B98EB39B}
		{35B2B510-E84F-4551-83B8-C17E5418AFC1} = {0AB3BF05-4346-4AA6-1389-037BE0695223}
		{85A13570-DF38-4008-BB8F-6F61EA7E9681} = {827E0CD3-B72D-47B6-A68D-7590B98EB39B}
		{1F0D2E37-43C7-4FEF-B0C4-E6B8D458E50E} = {827E0CD3-B72D-47B6-A68D-7590B98EB39B}
	EndGlobalSection
EndGlobal
